
Microsoft Visual Studio Solution File, Format Version 12.00
# Visual Studio 15
VisualStudioVersion = 15.0.27130.2026
MinimumVisualStudioVersion = 10.0.40219.1
Project("{FAE04EC0-301F-11D3-BF4B-00C04F79EFBC}") = "DeltaxApplication", "DeltaxApplication\DeltaxApplication.csproj", "{37F5B8F6-1016-467C-B44D-BDE744F517E9}"
EndProject
Global
	GlobalSection(SolutionConfigurationPlatforms) = preSolution
		Debug|Any CPU = Debug|Any CPU
		Release|Any CPU = Release|Any CPU
	EndGlobalSection
	GlobalSection(ProjectConfigurationPlatforms) = postSolution
		{37F5B8F6-1016-467C-B44D-BDE744F517E9}.Debug|Any CPU.ActiveCfg = Debug|Any CPU
		{37F5B8F6-1016-467C-B44D-BDE744F517E9}.Debug|Any CPU.Build.0 = Debug|Any CPU
		{37F5B8F6-1016-467C-B44D-BDE744F517E9}.Release|Any CPU.ActiveCfg = Release|Any CPU
		{37F5B8F6-1016-467C-B44D-BDE744F517E9}.Release|Any CPU.Build.0 = Release|Any CPU
	EndGlobalSection
	GlobalSection(SolutionProperties) = preSolution
		HideSolutionNode = FALSE
	EndGlobalSection
	GlobalSection(ExtensibilityGlobals) = postSolution
		SolutionGuid = {5491945F-684E-44B0-974C-753AFE65EAB1}
	EndGlobalSection
EndGlobal
